
Microsoft Visual Studio Solution File, Format Version 12.00
# Visual Studio Version 16
VisualStudioVersion = 16.0.28803.202
MinimumVisualStudioVersion = 10.0.40219.1
Project("{FAE04EC0-301F-11D3-BF4B-00C04F79EFBC}") = "ProductApp", "ProductApp\ProductApp.csproj", "{B0D17E46-8222-4975-BB6D-27C7B651AA8C}"
EndProject
Global
	GlobalSection(SolutionConfigurationPlatforms) = preSolution
		Debug|Any CPU = Debug|Any CPU
		Release|Any CPU = Release|Any CPU
	EndGlobalSection
	GlobalSection(ProjectConfigurationPlatforms) = postSolution
		{B0D17E46-8222-4975-BB6D-27C7B651AA8C}.Debug|Any CPU.ActiveCfg = Debug|Any CPU
		{B0D17E46-8222-4975-BB6D-27C7B651AA8C}.Debug|Any CPU.Build.0 = Debug|Any CPU
		{B0D17E46-8222-4975-BB6D-27C7B651AA8C}.Release|Any CPU.ActiveCfg = Release|Any CPU
		{B0D17E46-8222-4975-BB6D-27C7B651AA8C}.Release|Any CPU.Build.0 = Release|Any CPU
	EndGlobalSection
	GlobalSection(SolutionProperties) = preSolution
		HideSolutionNode = FALSE
	EndGlobalSection
	GlobalSection(ExtensibilityGlobals) = postSolution
		SolutionGuid = {09148DCB-A205-4487-9F6C-D25B89BCB0AE}
	EndGlobalSection
EndGlobal
